<Solution>
  <Folder Name="/Solution Items/">
    <File Path=".editorconfig" />
    <File Path=".gitignore" />
    <File Path="README.md" />
    <File Path="Directory.Build.props" />
    <File Path="Directory.Packages.props" />
  </Folder>
  <Folder Name="/src/">
    <File Path="src/Directory.Build.props" />
    <Project Path="src/Qdrant/Qdrant.csproj" />
  </Folder>
  <Folder Name="/test/">
    <File Path="test/Directory.Build.props" />
    <Project Path="test/Qdrant.UnitTests/Qdrant.UnitTests.csproj" />
    <Project Path="test/Qdrant.ConformanceTests/Qdrant.ConformanceTests.csproj" />
  </Folder>
</Solution>
