<Solution>
  <Folder Name="/Solution Items/">
    <File Path=".editorconfig" />
    <File Path=".gitignore" />
    <File Path="README.md" />
    <File Path="Directory.Build.props" />
    <File Path="Directory.Packages.props" />
  </Folder>
  <Folder Name="/src/">
    <File Path="src/Directory.Build.props" />
    <Project Path="src/ChromaDB.VectorData/ChromaDB.VectorData.csproj" />
  </Folder>
  <Folder Name="/test/">
    <File Path="test/Directory.Build.props" />
    <Project Path="test/ChromaDB.VectorData.UnitTests/ChromaDB.VectorData.UnitTests.csproj" />
    <Project Path="test/ChromaDB.VectorData.ConformanceTests/ChromaDB.VectorData.ConformanceTests.csproj" />
    <Project Path="test/NativeAot/ChromaDB.VectorData.NativeAot.csproj" />
  </Folder>
</Solution>
